// !$*UTF8*$!
{
	archiveVersion = 1;
	classes = {
	};
	objectVersion = 46;
	objects = {

/* Begin PBXBuildFile section */
		0ED7A1551C11ECD50088E6E7 /* Bolts.framework in Frameworks */ = {isa = PBXBuildFile; fileRef = 0ED7A1531C11ECD50088E6E7 /* Bolts.framework */; };
		0ED7A1561C11ECD50088E6E7 /* Parse.framework in Frameworks */ = {isa = PBXBuildFile; fileRef = 0ED7A1541C11ECD50088E6E7 /* Parse.framework */; };
		0ED7A1581C11ED430088E6E7 /* AudioToolbox.framework in Frameworks */ = {isa = PBXBuildFile; fileRef = 0ED7A1571C11ED430088E6E7 /* AudioToolbox.framework */; };
		0ED7A15A1C11ED5D0088E6E7 /* CFNetwork.framework in Frameworks */ = {isa = PBXBuildFile; fileRef = 0ED7A1591C11ED5D0088E6E7 /* CFNetwork.framework */; };
		0ED7A15C1C11ED6B0088E6E7 /* CoreGraphics.framework in Frameworks */ = {isa = PBXBuildFile; fileRef = 0ED7A15B1C11ED6B0088E6E7 /* CoreGraphics.framework */; };
		0ED7A15E1C11ED780088E6E7 /* CoreLocation.framework in Frameworks */ = {isa = PBXBuildFile; fileRef = 0ED7A15D1C11ED780088E6E7 /* CoreLocation.framework */; };
		0ED7A1601C11ED920088E6E7 /* QuartzCore.framework in Frameworks */ = {isa = PBXBuildFile; fileRef = 0ED7A15F1C11ED920088E6E7 /* QuartzCore.framework */; };
		0ED7A1621C11EDA10088E6E7 /* Security.framework in Frameworks */ = {isa = PBXBuildFile; fileRef = 0ED7A1611C11EDA10088E6E7 /* Security.framework */; };
		0ED7A1641C11F1560088E6E7 /* SpriteKit.framework in Frameworks */ = {isa = PBXBuildFile; fileRef = 0ED7A1631C11F1560088E6E7 /* SpriteKit.framework */; };
		0ED7A1661C11F1630088E6E7 /* SystemConfiguration.framework in Frameworks */ = {isa = PBXBuildFile; fileRef = 0ED7A1651C11F1630088E6E7 /* SystemConfiguration.framework */; };
		0ED7A1681C11F1960088E6E7 /* libsqlite3.dylib in Frameworks */ = {isa = PBXBuildFile; fileRef = 0ED7A1671C11F1960088E6E7 /* libsqlite3.dylib */; };
		0ED7A16A1C11F1AE0088E6E7 /* libz.dylib in Frameworks */ = {isa = PBXBuildFile; fileRef = 0ED7A1691C11F1AE0088E6E7 /* libz.dylib */; };
		0ED7A16C1C11F1DA0088E6E7 /* Accounts.framework in Frameworks */ = {isa = PBXBuildFile; fileRef = 0ED7A16B1C11F1DA0088E6E7 /* Accounts.framework */; };
		0ED7A16E1C11F1EB0088E6E7 /* Social.framework in Frameworks */ = {isa = PBXBuildFile; fileRef = 0ED7A16D1C11F1EB0088E6E7 /* Social.framework */; };
		0ED7A1761C11FC7C0088E6E7 /* FoodDataViewController.m in Sources */ = {isa = PBXBuildFile; fileRef = 0ED7A1701C11FC7C0088E6E7 /* FoodDataViewController.m */; };
		0ED7A1771C11FC7C0088E6E7 /* FoodDataViewController.xib in Resources */ = {isa = PBXBuildFile; fileRef = 0ED7A1711C11FC7C0088E6E7 /* FoodDataViewController.xib */; };
		0ED7A1781C11FC7C0088E6E7 /* FoodList.m in Sources */ = {isa = PBXBuildFile; fileRef = 0ED7A1731C11FC7C0088E6E7 /* FoodList.m */; };
		0ED7A1791C11FC7C0088E6E7 /* FoodType.m in Sources */ = {isa = PBXBuildFile; fileRef = 0ED7A1751C11FC7C0088E6E7 /* FoodType.m */; };
		0ED7A1801C1218900088E6E7 /* SearchFoodDatabaseViewController.m in Sources */ = {isa = PBXBuildFile; fileRef = 0ED7A17E1C1218900088E6E7 /* SearchFoodDatabaseViewController.m */; };
		0ED7A1811C1218900088E6E7 /* SearchFoodDatabaseViewController.xib in Resources */ = {isa = PBXBuildFile; fileRef = 0ED7A17F1C1218900088E6E7 /* SearchFoodDatabaseViewController.xib */; };
		0ED7A1851C1356DD0088E6E7 /* QueryResultsTableViewController.m in Sources */ = {isa = PBXBuildFile; fileRef = 0ED7A1831C1356DD0088E6E7 /* QueryResultsTableViewController.m */; };
		0ED7A1861C1356DD0088E6E7 /* QueryResultsTableViewController.xib in Resources */ = {isa = PBXBuildFile; fileRef = 0ED7A1841C1356DD0088E6E7 /* QueryResultsTableViewController.xib */; };
		0ED7A1891C136D3C0088E6E7 /* TableViewCellStyleValue2.m in Sources */ = {isa = PBXBuildFile; fileRef = 0ED7A1881C136D3C0088E6E7 /* TableViewCellStyleValue2.m */; };
		0ED7A18D1C13895C0088E6E7 /* FoodTabViewController.m in Sources */ = {isa = PBXBuildFile; fileRef = 0ED7A18B1C13895C0088E6E7 /* FoodTabViewController.m */; };
		0ED7A18E1C13895C0088E6E7 /* FoodTabViewController.xib in Resources */ = {isa = PBXBuildFile; fileRef = 0ED7A18C1C13895C0088E6E7 /* FoodTabViewController.xib */; };
		0ED7A1931C13A9C30088E6E7 /* HealthTabViewController.m in Sources */ = {isa = PBXBuildFile; fileRef = 0ED7A1911C13A9C30088E6E7 /* HealthTabViewController.m */; };
		0ED7A1941C13A9C30088E6E7 /* HealthTabViewController.xib in Resources */ = {isa = PBXBuildFile; fileRef = 0ED7A1921C13A9C30088E6E7 /* HealthTabViewController.xib */; };
		0ED7A1981C13ADA00088E6E7 /* EnterFoodGivenViewController.m in Sources */ = {isa = PBXBuildFile; fileRef = 0ED7A1961C13ADA00088E6E7 /* EnterFoodGivenViewController.m */; };
		0ED7A1991C13ADA00088E6E7 /* EnterFoodGivenViewController.xib in Resources */ = {isa = PBXBuildFile; fileRef = 0ED7A1971C13ADA00088E6E7 /* EnterFoodGivenViewController.xib */; };
		0ED7A1A21C14A9810088E6E7 /* VaccinesViewController.m in Sources */ = {isa = PBXBuildFile; fileRef = 0ED7A1A01C14A9810088E6E7 /* VaccinesViewController.m */; };
		0ED7A1A31C14A9810088E6E7 /* VaccinesViewController.xib in Resources */ = {isa = PBXBuildFile; fileRef = 0ED7A1A11C14A9810088E6E7 /* VaccinesViewController.xib */; };
		0ED7A1A61C14B45A0088E6E7 /* HealthRecord.m in Sources */ = {isa = PBXBuildFile; fileRef = 0ED7A1A51C14B45A0088E6E7 /* HealthRecord.m */; };
		0ED7A1A91C14B47D0088E6E7 /* HealthLog.m in Sources */ = {isa = PBXBuildFile; fileRef = 0ED7A1A81C14B47D0088E6E7 /* HealthLog.m */; };
		0ED7A1AD1C14BCFA0088E6E7 /* VaccineTableViewController.m in Sources */ = {isa = PBXBuildFile; fileRef = 0ED7A1AB1C14BCFA0088E6E7 /* VaccineTableViewController.m */; };
		0ED7A1AE1C14BCFA0088E6E7 /* VaccineTableViewController.xib in Resources */ = {isa = PBXBuildFile; fileRef = 0ED7A1AC1C14BCFA0088E6E7 /* VaccineTableViewController.xib */; };
		0EEC97F01C15F4130000EB78 /* MyFoodsTableViewController.m in Sources */ = {isa = PBXBuildFile; fileRef = 0EEC97EE1C15F4130000EB78 /* MyFoodsTableViewController.m */; };
		0EEC97F11C15F4130000EB78 /* MyFoodsTableViewController.xib in Resources */ = {isa = PBXBuildFile; fileRef = 0EEC97EF1C15F4130000EB78 /* MyFoodsTableViewController.xib */; };
		0EEDF9DD1C14CB4300942444 /* DetailPetInfoViewController.m in Sources */ = {isa = PBXBuildFile; fileRef = 0EEDF9DB1C14CB4300942444 /* DetailPetInfoViewController.m */; };
		0EEDF9DE1C14CB4300942444 /* DetailPetInfoViewController.xib in Resources */ = {isa = PBXBuildFile; fileRef = 0EEDF9DC1C14CB4300942444 /* DetailPetInfoViewController.xib */; };
		0EEDF9E81C14CC4900942444 /* MyPet.m in Sources */ = {isa = PBXBuildFile; fileRef = 0EEDF9E01C14CC4900942444 /* MyPet.m */; };
		0EEDF9E91C14CC4900942444 /* MyZoo.m in Sources */ = {isa = PBXBuildFile; fileRef = 0EEDF9E21C14CC4900942444 /* MyZoo.m */; };
		0EEDF9EA1C14CC4900942444 /* PetInfoViewController.m in Sources */ = {isa = PBXBuildFile; fileRef = 0EEDF9E41C14CC4900942444 /* PetInfoViewController.m */; };
		0EEDF9EB1C14CC4900942444 /* PetInfoViewController.xib in Resources */ = {isa = PBXBuildFile; fileRef = 0EEDF9E51C14CC4900942444 /* PetInfoViewController.xib */; };
		0EEDF9EC1C14CC4900942444 /* PetPal.xcdatamodeld in Sources */ = {isa = PBXBuildFile; fileRef = 0EEDF9E61C14CC4900942444 /* PetPal.xcdatamodeld */; };
		0EEDF9F01C1523C500942444 /* FleaTickLog.m in Sources */ = {isa = PBXBuildFile; fileRef = 0EEDF9EF1C1523C500942444 /* FleaTickLog.m */; };
		0EEDF9F41C1525C900942444 /* FleaTickViewController.m in Sources */ = {isa = PBXBuildFile; fileRef = 0EEDF9F21C1525C900942444 /* FleaTickViewController.m */; };
		0EEDF9F51C1525C900942444 /* FleaTickViewController.xib in Resources */ = {isa = PBXBuildFile; fileRef = 0EEDF9F31C1525C900942444 /* FleaTickViewController.xib */; };
		0EEDF9F91C1528F300942444 /* FleaTickTableViewController.m in Sources */ = {isa = PBXBuildFile; fileRef = 0EEDF9F71C1528F300942444 /* FleaTickTableViewController.m */; };
		0EEDF9FA1C1528F300942444 /* FleaTickTableViewController.xib in Resources */ = {isa = PBXBuildFile; fileRef = 0EEDF9F81C1528F300942444 /* FleaTickTableViewController.xib */; };
		DB4701BB1C195D22002D044B /* ContactsViewController.m in Sources */ = {isa = PBXBuildFile; fileRef = DB4701B91C195D22002D044B /* ContactsViewController.m */; };
		DB4701BC1C195D22002D044B /* ContactsViewController.xib in Resources */ = {isa = PBXBuildFile; fileRef = DB4701BA1C195D22002D044B /* ContactsViewController.xib */; };
		DB4701C21C1961B1002D044B /* ContactBook.m in Sources */ = {isa = PBXBuildFile; fileRef = DB4701C11C1961B1002D044B /* ContactBook.m */; };
		DB4701C51C196ADB002D044B /* MyContact.m in Sources */ = {isa = PBXBuildFile; fileRef = DB4701C41C196ADB002D044B /* MyContact.m */; };
		DB4701CA1C19C8AE002D044B /* ContactInfoViewController.m in Sources */ = {isa = PBXBuildFile; fileRef = DB4701C81C19C8AE002D044B /* ContactInfoViewController.m */; };
		DB4701CB1C19C8AE002D044B /* ContactInfoViewController.xib in Resources */ = {isa = PBXBuildFile; fileRef = DB4701C91C19C8AE002D044B /* ContactInfoViewController.xib */; };
		DB62D2661C0EA48400C1A847 /* main.m in Sources */ = {isa = PBXBuildFile; fileRef = DB62D2651C0EA48400C1A847 /* main.m */; };
		DB62D2691C0EA48400C1A847 /* AppDelegate.m in Sources */ = {isa = PBXBuildFile; fileRef = DB62D2681C0EA48400C1A847 /* AppDelegate.m */; };
		DB62D26F1C0EA48400C1A847 /* ViewController.m in Sources */ = {isa = PBXBuildFile; fileRef = DB62D26E1C0EA48400C1A847 /* ViewController.m */; };
		DB62D2721C0EA48400C1A847 /* Main.storyboard in Resources */ = {isa = PBXBuildFile; fileRef = DB62D2701C0EA48400C1A847 /* Main.storyboard */; };
		DB62D2741C0EA48400C1A847 /* Images.xcassets in Resources */ = {isa = PBXBuildFile; fileRef = DB62D2731C0EA48400C1A847 /* Images.xcassets */; };
		DB62D2771C0EA48400C1A847 /* LaunchScreen.xib in Resources */ = {isa = PBXBuildFile; fileRef = DB62D2751C0EA48400C1A847 /* LaunchScreen.xib */; };
		DB62D2831C0EA48400C1A847 /* PetPalTests.m in Sources */ = {isa = PBXBuildFile; fileRef = DB62D2821C0EA48400C1A847 /* PetPalTests.m */; };
		DBD25C791C154F2500CAE47F /* ImageTransformer.m in Sources */ = {isa = PBXBuildFile; fileRef = DBD25C781C154F2500CAE47F /* ImageTransformer.m */; };
		DBDF0A431C16A0E300035097 /* Reminder.m in Sources */ = {isa = PBXBuildFile; fileRef = DBDF0A421C16A0E300035097 /* Reminder.m */; };
		DBDF0A461C16A24A00035097 /* Calendar.m in Sources */ = {isa = PBXBuildFile; fileRef = DBDF0A451C16A24A00035097 /* Calendar.m */; };
		DBDF0A4A1C16AD9400035097 /* RemindersViewController.m in Sources */ = {isa = PBXBuildFile; fileRef = DBDF0A481C16AD9300035097 /* RemindersViewController.m */; };
		DBDF0A4B1C16AD9400035097 /* RemindersViewController.xib in Resources */ = {isa = PBXBuildFile; fileRef = DBDF0A491C16AD9300035097 /* RemindersViewController.xib */; };
		DBDF0A541C17988900035097 /* DetailRemindersViewController.m in Sources */ = {isa = PBXBuildFile; fileRef = DBDF0A521C17988900035097 /* DetailRemindersViewController.m */; };
		DBDF0A551C17988900035097 /* DetailRemindersViewController.xib in Resources */ = {isa = PBXBuildFile; fileRef = DBDF0A531C17988900035097 /* DetailRemindersViewController.xib */; };
/* End PBXBuildFile section */

/* Begin PBXContainerItemProxy section */
		DB62D27D1C0EA48400C1A847 /* PBXContainerItemProxy */ = {
			isa = PBXContainerItemProxy;
			containerPortal = DB62D2581C0EA48300C1A847 /* Project object */;
			proxyType = 1;
			remoteGlobalIDString = DB62D25F1C0EA48400C1A847;
			remoteInfo = PetPal;
		};
/* End PBXContainerItemProxy section */

/* Begin PBXFileReference section */
		0ED7A1531C11ECD50088E6E7 /* Bolts.framework */ = {isa = PBXFileReference; lastKnownFileType = wrapper.framework; path = Bolts.framework; sourceTree = "<group>"; };
		0ED7A1541C11ECD50088E6E7 /* Parse.framework */ = {isa = PBXFileReference; lastKnownFileType = wrapper.framework; path = Parse.framework; sourceTree = "<group>"; };
		0ED7A1571C11ED430088E6E7 /* AudioToolbox.framework */ = {isa = PBXFileReference; lastKnownFileType = wrapper.framework; name = AudioToolbox.framework; path = System/Library/Frameworks/AudioToolbox.framework; sourceTree = SDKROOT; };
		0ED7A1591C11ED5D0088E6E7 /* CFNetwork.framework */ = {isa = PBXFileReference; lastKnownFileType = wrapper.framework; name = CFNetwork.framework; path = System/Library/Frameworks/CFNetwork.framework; sourceTree = SDKROOT; };
		0ED7A15B1C11ED6B0088E6E7 /* CoreGraphics.framework */ = {isa = PBXFileReference; lastKnownFileType = wrapper.framework; name = CoreGraphics.framework; path = System/Library/Frameworks/CoreGraphics.framework; sourceTree = SDKROOT; };
		0ED7A15D1C11ED780088E6E7 /* CoreLocation.framework */ = {isa = PBXFileReference; lastKnownFileType = wrapper.framework; name = CoreLocation.framework; path = System/Library/Frameworks/CoreLocation.framework; sourceTree = SDKROOT; };
		0ED7A15F1C11ED920088E6E7 /* QuartzCore.framework */ = {isa = PBXFileReference; lastKnownFileType = wrapper.framework; name = QuartzCore.framework; path = System/Library/Frameworks/QuartzCore.framework; sourceTree = SDKROOT; };
		0ED7A1611C11EDA10088E6E7 /* Security.framework */ = {isa = PBXFileReference; lastKnownFileType = wrapper.framework; name = Security.framework; path = System/Library/Frameworks/Security.framework; sourceTree = SDKROOT; };
		0ED7A1631C11F1560088E6E7 /* SpriteKit.framework */ = {isa = PBXFileReference; lastKnownFileType = wrapper.framework; name = SpriteKit.framework; path = System/Library/Frameworks/SpriteKit.framework; sourceTree = SDKROOT; };
		0ED7A1651C11F1630088E6E7 /* SystemConfiguration.framework */ = {isa = PBXFileReference; lastKnownFileType = wrapper.framework; name = SystemConfiguration.framework; path = System/Library/Frameworks/SystemConfiguration.framework; sourceTree = SDKROOT; };
		0ED7A1671C11F1960088E6E7 /* libsqlite3.dylib */ = {isa = PBXFileReference; lastKnownFileType = "compiled.mach-o.dylib"; name = libsqlite3.dylib; path = usr/lib/libsqlite3.dylib; sourceTree = SDKROOT; };
		0ED7A1691C11F1AE0088E6E7 /* libz.dylib */ = {isa = PBXFileReference; lastKnownFileType = "compiled.mach-o.dylib"; name = libz.dylib; path = usr/lib/libz.dylib; sourceTree = SDKROOT; };
		0ED7A16B1C11F1DA0088E6E7 /* Accounts.framework */ = {isa = PBXFileReference; lastKnownFileType = wrapper.framework; name = Accounts.framework; path = System/Library/Frameworks/Accounts.framework; sourceTree = SDKROOT; };
		0ED7A16D1C11F1EB0088E6E7 /* Social.framework */ = {isa = PBXFileReference; lastKnownFileType = wrapper.framework; name = Social.framework; path = System/Library/Frameworks/Social.framework; sourceTree = SDKROOT; };
		0ED7A16F1C11FC7C0088E6E7 /* FoodDataViewController.h */ = {isa = PBXFileReference; fileEncoding = 4; lastKnownFileType = sourcecode.c.h; path = FoodDataViewController.h; sourceTree = "<group>"; };
		0ED7A1701C11FC7C0088E6E7 /* FoodDataViewController.m */ = {isa = PBXFileReference; fileEncoding = 4; lastKnownFileType = sourcecode.c.objc; path = FoodDataViewController.m; sourceTree = "<group>"; };
		0ED7A1711C11FC7C0088E6E7 /* FoodDataViewController.xib */ = {isa = PBXFileReference; fileEncoding = 4; lastKnownFileType = file.xib; path = FoodDataViewController.xib; sourceTree = "<group>"; };
		0ED7A1721C11FC7C0088E6E7 /* FoodList.h */ = {isa = PBXFileReference; fileEncoding = 4; lastKnownFileType = sourcecode.c.h; path = FoodList.h; sourceTree = "<group>"; };
		0ED7A1731C11FC7C0088E6E7 /* FoodList.m */ = {isa = PBXFileReference; fileEncoding = 4; lastKnownFileType = sourcecode.c.objc; path = FoodList.m; sourceTree = "<group>"; };
		0ED7A1741C11FC7C0088E6E7 /* FoodType.h */ = {isa = PBXFileReference; fileEncoding = 4; lastKnownFileType = sourcecode.c.h; path = FoodType.h; sourceTree = "<group>"; };
		0ED7A1751C11FC7C0088E6E7 /* FoodType.m */ = {isa = PBXFileReference; fileEncoding = 4; lastKnownFileType = sourcecode.c.objc; path = FoodType.m; sourceTree = "<group>"; };
		0ED7A17D1C1218900088E6E7 /* SearchFoodDatabaseViewController.h */ = {isa = PBXFileReference; fileEncoding = 4; lastKnownFileType = sourcecode.c.h; path = SearchFoodDatabaseViewController.h; sourceTree = "<group>"; };
		0ED7A17E1C1218900088E6E7 /* SearchFoodDatabaseViewController.m */ = {isa = PBXFileReference; fileEncoding = 4; lastKnownFileType = sourcecode.c.objc; path = SearchFoodDatabaseViewController.m; sourceTree = "<group>"; };
		0ED7A17F1C1218900088E6E7 /* SearchFoodDatabaseViewController.xib */ = {isa = PBXFileReference; fileEncoding = 4; lastKnownFileType = file.xib; path = SearchFoodDatabaseViewController.xib; sourceTree = "<group>"; };
		0ED7A1821C1356DD0088E6E7 /* QueryResultsTableViewController.h */ = {isa = PBXFileReference; fileEncoding = 4; lastKnownFileType = sourcecode.c.h; path = QueryResultsTableViewController.h; sourceTree = "<group>"; };
		0ED7A1831C1356DD0088E6E7 /* QueryResultsTableViewController.m */ = {isa = PBXFileReference; fileEncoding = 4; lastKnownFileType = sourcecode.c.objc; path = QueryResultsTableViewController.m; sourceTree = "<group>"; };
		0ED7A1841C1356DD0088E6E7 /* QueryResultsTableViewController.xib */ = {isa = PBXFileReference; fileEncoding = 4; lastKnownFileType = file.xib; path = QueryResultsTableViewController.xib; sourceTree = "<group>"; };
		0ED7A1871C136D3C0088E6E7 /* TableViewCellStyleValue2.h */ = {isa = PBXFileReference; fileEncoding = 4; lastKnownFileType = sourcecode.c.h; path = TableViewCellStyleValue2.h; sourceTree = "<group>"; };
		0ED7A1881C136D3C0088E6E7 /* TableViewCellStyleValue2.m */ = {isa = PBXFileReference; fileEncoding = 4; lastKnownFileType = sourcecode.c.objc; path = TableViewCellStyleValue2.m; sourceTree = "<group>"; };
		0ED7A18A1C13895C0088E6E7 /* FoodTabViewController.h */ = {isa = PBXFileReference; fileEncoding = 4; lastKnownFileType = sourcecode.c.h; path = FoodTabViewController.h; sourceTree = "<group>"; };
		0ED7A18B1C13895C0088E6E7 /* FoodTabViewController.m */ = {isa = PBXFileReference; fileEncoding = 4; lastKnownFileType = sourcecode.c.objc; path = FoodTabViewController.m; sourceTree = "<group>"; };
		0ED7A18C1C13895C0088E6E7 /* FoodTabViewController.xib */ = {isa = PBXFileReference; fileEncoding = 4; lastKnownFileType = file.xib; path = FoodTabViewController.xib; sourceTree = "<group>"; };
		0ED7A1901C13A9C30088E6E7 /* HealthTabViewController.h */ = {isa = PBXFileReference; fileEncoding = 4; lastKnownFileType = sourcecode.c.h; path = HealthTabViewController.h; sourceTree = "<group>"; };
		0ED7A1911C13A9C30088E6E7 /* HealthTabViewController.m */ = {isa = PBXFileReference; fileEncoding = 4; lastKnownFileType = sourcecode.c.objc; path = HealthTabViewController.m; sourceTree = "<group>"; };
		0ED7A1921C13A9C30088E6E7 /* HealthTabViewController.xib */ = {isa = PBXFileReference; fileEncoding = 4; lastKnownFileType = file.xib; path = HealthTabViewController.xib; sourceTree = "<group>"; };
		0ED7A1951C13ADA00088E6E7 /* EnterFoodGivenViewController.h */ = {isa = PBXFileReference; fileEncoding = 4; lastKnownFileType = sourcecode.c.h; path = EnterFoodGivenViewController.h; sourceTree = "<group>"; };
		0ED7A1961C13ADA00088E6E7 /* EnterFoodGivenViewController.m */ = {isa = PBXFileReference; fileEncoding = 4; lastKnownFileType = sourcecode.c.objc; path = EnterFoodGivenViewController.m; sourceTree = "<group>"; };
		0ED7A1971C13ADA00088E6E7 /* EnterFoodGivenViewController.xib */ = {isa = PBXFileReference; fileEncoding = 4; lastKnownFileType = file.xib; path = EnterFoodGivenViewController.xib; sourceTree = "<group>"; };
		0ED7A19F1C14A9810088E6E7 /* VaccinesViewController.h */ = {isa = PBXFileReference; fileEncoding = 4; lastKnownFileType = sourcecode.c.h; path = VaccinesViewController.h; sourceTree = "<group>"; };
		0ED7A1A01C14A9810088E6E7 /* VaccinesViewController.m */ = {isa = PBXFileReference; fileEncoding = 4; lastKnownFileType = sourcecode.c.objc; path = VaccinesViewController.m; sourceTree = "<group>"; };
		0ED7A1A11C14A9810088E6E7 /* VaccinesViewController.xib */ = {isa = PBXFileReference; fileEncoding = 4; lastKnownFileType = file.xib; path = VaccinesViewController.xib; sourceTree = "<group>"; };
		0ED7A1A41C14B45A0088E6E7 /* HealthRecord.h */ = {isa = PBXFileReference; fileEncoding = 4; lastKnownFileType = sourcecode.c.h; path = HealthRecord.h; sourceTree = "<group>"; };
		0ED7A1A51C14B45A0088E6E7 /* HealthRecord.m */ = {isa = PBXFileReference; fileEncoding = 4; lastKnownFileType = sourcecode.c.objc; path = HealthRecord.m; sourceTree = "<group>"; };
		0ED7A1A71C14B47D0088E6E7 /* HealthLog.h */ = {isa = PBXFileReference; fileEncoding = 4; lastKnownFileType = sourcecode.c.h; path = HealthLog.h; sourceTree = "<group>"; };
		0ED7A1A81C14B47D0088E6E7 /* HealthLog.m */ = {isa = PBXFileReference; fileEncoding = 4; lastKnownFileType = sourcecode.c.objc; path = HealthLog.m; sourceTree = "<group>"; };
		0ED7A1AA1C14BCFA0088E6E7 /* VaccineTableViewController.h */ = {isa = PBXFileReference; fileEncoding = 4; lastKnownFileType = sourcecode.c.h; path = VaccineTableViewController.h; sourceTree = "<group>"; };
		0ED7A1AB1C14BCFA0088E6E7 /* VaccineTableViewController.m */ = {isa = PBXFileReference; fileEncoding = 4; lastKnownFileType = sourcecode.c.objc; path = VaccineTableViewController.m; sourceTree = "<group>"; };
		0ED7A1AC1C14BCFA0088E6E7 /* VaccineTableViewController.xib */ = {isa = PBXFileReference; fileEncoding = 4; lastKnownFileType = file.xib; path = VaccineTableViewController.xib; sourceTree = "<group>"; };
		0EEC97ED1C15F4130000EB78 /* MyFoodsTableViewController.h */ = {isa = PBXFileReference; fileEncoding = 4; lastKnownFileType = sourcecode.c.h; path = MyFoodsTableViewController.h; sourceTree = "<group>"; };
		0EEC97EE1C15F4130000EB78 /* MyFoodsTableViewController.m */ = {isa = PBXFileReference; fileEncoding = 4; lastKnownFileType = sourcecode.c.objc; path = MyFoodsTableViewController.m; sourceTree = "<group>"; };
		0EEC97EF1C15F4130000EB78 /* MyFoodsTableViewController.xib */ = {isa = PBXFileReference; fileEncoding = 4; lastKnownFileType = file.xib; path = MyFoodsTableViewController.xib; sourceTree = "<group>"; };
		0EEDF9DA1C14CB4300942444 /* DetailPetInfoViewController.h */ = {isa = PBXFileReference; fileEncoding = 4; lastKnownFileType = sourcecode.c.h; path = DetailPetInfoViewController.h; sourceTree = "<group>"; };
		0EEDF9DB1C14CB4300942444 /* DetailPetInfoViewController.m */ = {isa = PBXFileReference; fileEncoding = 4; lastKnownFileType = sourcecode.c.objc; path = DetailPetInfoViewController.m; sourceTree = "<group>"; };
		0EEDF9DC1C14CB4300942444 /* DetailPetInfoViewController.xib */ = {isa = PBXFileReference; fileEncoding = 4; lastKnownFileType = file.xib; path = DetailPetInfoViewController.xib; sourceTree = "<group>"; };
		0EEDF9DF1C14CC4900942444 /* MyPet.h */ = {isa = PBXFileReference; fileEncoding = 4; lastKnownFileType = sourcecode.c.h; path = MyPet.h; sourceTree = "<group>"; };
		0EEDF9E01C14CC4900942444 /* MyPet.m */ = {isa = PBXFileReference; fileEncoding = 4; lastKnownFileType = sourcecode.c.objc; path = MyPet.m; sourceTree = "<group>"; };
		0EEDF9E11C14CC4900942444 /* MyZoo.h */ = {isa = PBXFileReference; fileEncoding = 4; lastKnownFileType = sourcecode.c.h; path = MyZoo.h; sourceTree = "<group>"; };
		0EEDF9E21C14CC4900942444 /* MyZoo.m */ = {isa = PBXFileReference; fileEncoding = 4; lastKnownFileType = sourcecode.c.objc; path = MyZoo.m; sourceTree = "<group>"; };
		0EEDF9E31C14CC4900942444 /* PetInfoViewController.h */ = {isa = PBXFileReference; fileEncoding = 4; lastKnownFileType = sourcecode.c.h; path = PetInfoViewController.h; sourceTree = "<group>"; };
		0EEDF9E41C14CC4900942444 /* PetInfoViewController.m */ = {isa = PBXFileReference; fileEncoding = 4; lastKnownFileType = sourcecode.c.objc; path = PetInfoViewController.m; sourceTree = "<group>"; };
		0EEDF9E51C14CC4900942444 /* PetInfoViewController.xib */ = {isa = PBXFileReference; fileEncoding = 4; lastKnownFileType = file.xib; path = PetInfoViewController.xib; sourceTree = "<group>"; };
		0EEDF9E71C14CC4900942444 /* PetPal.xcdatamodel */ = {isa = PBXFileReference; lastKnownFileType = wrapper.xcdatamodel; path = PetPal.xcdatamodel; sourceTree = "<group>"; };
		0EEDF9EE1C1523C500942444 /* FleaTickLog.h */ = {isa = PBXFileReference; fileEncoding = 4; lastKnownFileType = sourcecode.c.h; path = FleaTickLog.h; sourceTree = "<group>"; };
		0EEDF9EF1C1523C500942444 /* FleaTickLog.m */ = {isa = PBXFileReference; fileEncoding = 4; lastKnownFileType = sourcecode.c.objc; path = FleaTickLog.m; sourceTree = "<group>"; };
		0EEDF9F11C1525C900942444 /* FleaTickViewController.h */ = {isa = PBXFileReference; fileEncoding = 4; lastKnownFileType = sourcecode.c.h; path = FleaTickViewController.h; sourceTree = "<group>"; };
		0EEDF9F21C1525C900942444 /* FleaTickViewController.m */ = {isa = PBXFileReference; fileEncoding = 4; lastKnownFileType = sourcecode.c.objc; path = FleaTickViewController.m; sourceTree = "<group>"; };
		0EEDF9F31C1525C900942444 /* FleaTickViewController.xib */ = {isa = PBXFileReference; fileEncoding = 4; lastKnownFileType = file.xib; path = FleaTickViewController.xib; sourceTree = "<group>"; };
		0EEDF9F61C1528F300942444 /* FleaTickTableViewController.h */ = {isa = PBXFileReference; fileEncoding = 4; lastKnownFileType = sourcecode.c.h; path = FleaTickTableViewController.h; sourceTree = "<group>"; };
		0EEDF9F71C1528F300942444 /* FleaTickTableViewController.m */ = {isa = PBXFileReference; fileEncoding = 4; lastKnownFileType = sourcecode.c.objc; path = FleaTickTableViewController.m; sourceTree = "<group>"; };
		0EEDF9F81C1528F300942444 /* FleaTickTableViewController.xib */ = {isa = PBXFileReference; fileEncoding = 4; lastKnownFileType = file.xib; path = FleaTickTableViewController.xib; sourceTree = "<group>"; };
		DB4701B81C195D22002D044B /* ContactsViewController.h */ = {isa = PBXFileReference; fileEncoding = 4; lastKnownFileType = sourcecode.c.h; path = ContactsViewController.h; sourceTree = "<group>"; };
		DB4701B91C195D22002D044B /* ContactsViewController.m */ = {isa = PBXFileReference; fileEncoding = 4; lastKnownFileType = sourcecode.c.objc; path = ContactsViewController.m; sourceTree = "<group>"; };
		DB4701BA1C195D22002D044B /* ContactsViewController.xib */ = {isa = PBXFileReference; fileEncoding = 4; lastKnownFileType = file.xib; path = ContactsViewController.xib; sourceTree = "<group>"; };
		DB4701C01C1961B1002D044B /* ContactBook.h */ = {isa = PBXFileReference; fileEncoding = 4; lastKnownFileType = sourcecode.c.h; path = ContactBook.h; sourceTree = "<group>"; };
		DB4701C11C1961B1002D044B /* ContactBook.m */ = {isa = PBXFileReference; fileEncoding = 4; lastKnownFileType = sourcecode.c.objc; path = ContactBook.m; sourceTree = "<group>"; };
		DB4701C31C196ADB002D044B /* MyContact.h */ = {isa = PBXFileReference; fileEncoding = 4; lastKnownFileType = sourcecode.c.h; path = MyContact.h; sourceTree = "<group>"; };
		DB4701C41C196ADB002D044B /* MyContact.m */ = {isa = PBXFileReference; fileEncoding = 4; lastKnownFileType = sourcecode.c.objc; path = MyContact.m; sourceTree = "<group>"; };
		DB4701C61C1978E1002D044B /* PetPal 3.xcdatamodel */ = {isa = PBXFileReference; lastKnownFileType = wrapper.xcdatamodel; path = "PetPal 3.xcdatamodel"; sourceTree = "<group>"; };
		DB4701C71C19C8AE002D044B /* ContactInfoViewController.h */ = {isa = PBXFileReference; fileEncoding = 4; lastKnownFileType = sourcecode.c.h; path = ContactInfoViewController.h; sourceTree = "<group>"; };
		DB4701C81C19C8AE002D044B /* ContactInfoViewController.m */ = {isa = PBXFileReference; fileEncoding = 4; lastKnownFileType = sourcecode.c.objc; path = ContactInfoViewController.m; sourceTree = "<group>"; };
		DB4701C91C19C8AE002D044B /* ContactInfoViewController.xib */ = {isa = PBXFileReference; fileEncoding = 4; lastKnownFileType = file.xib; path = ContactInfoViewController.xib; sourceTree = "<group>"; };
		DB62D2601C0EA48400C1A847 /* PetPal.app */ = {isa = PBXFileReference; explicitFileType = wrapper.application; includeInIndex = 0; path = PetPal.app; sourceTree = BUILT_PRODUCTS_DIR; };
		DB62D2641C0EA48400C1A847 /* Info.plist */ = {isa = PBXFileReference; lastKnownFileType = text.plist.xml; path = Info.plist; sourceTree = "<group>"; };
		DB62D2651C0EA48400C1A847 /* main.m */ = {isa = PBXFileReference; lastKnownFileType = sourcecode.c.objc; path = main.m; sourceTree = "<group>"; };
		DB62D2671C0EA48400C1A847 /* AppDelegate.h */ = {isa = PBXFileReference; lastKnownFileType = sourcecode.c.h; path = AppDelegate.h; sourceTree = "<group>"; };
		DB62D2681C0EA48400C1A847 /* AppDelegate.m */ = {isa = PBXFileReference; lastKnownFileType = sourcecode.c.objc; path = AppDelegate.m; sourceTree = "<group>"; };
		DB62D26D1C0EA48400C1A847 /* ViewController.h */ = {isa = PBXFileReference; lastKnownFileType = sourcecode.c.h; path = ViewController.h; sourceTree = "<group>"; };
		DB62D26E1C0EA48400C1A847 /* ViewController.m */ = {isa = PBXFileReference; lastKnownFileType = sourcecode.c.objc; path = ViewController.m; sourceTree = "<group>"; };
		DB62D2711C0EA48400C1A847 /* Base */ = {isa = PBXFileReference; lastKnownFileType = file.storyboard; name = Base; path = Base.lproj/Main.storyboard; sourceTree = "<group>"; };
		DB62D2731C0EA48400C1A847 /* Images.xcassets */ = {isa = PBXFileReference; lastKnownFileType = folder.assetcatalog; path = Images.xcassets; sourceTree = "<group>"; };
		DB62D2761C0EA48400C1A847 /* Base */ = {isa = PBXFileReference; lastKnownFileType = file.xib; name = Base; path = Base.lproj/LaunchScreen.xib; sourceTree = "<group>"; };
		DB62D27C1C0EA48400C1A847 /* PetPalTests.xctest */ = {isa = PBXFileReference; explicitFileType = wrapper.cfbundle; includeInIndex = 0; path = PetPalTests.xctest; sourceTree = BUILT_PRODUCTS_DIR; };
		DB62D2811C0EA48400C1A847 /* Info.plist */ = {isa = PBXFileReference; lastKnownFileType = text.plist.xml; path = Info.plist; sourceTree = "<group>"; };
		DB62D2821C0EA48400C1A847 /* PetPalTests.m */ = {isa = PBXFileReference; lastKnownFileType = sourcecode.c.objc; path = PetPalTests.m; sourceTree = "<group>"; };
		DBD25C771C154F2500CAE47F /* ImageTransformer.h */ = {isa = PBXFileReference; fileEncoding = 4; lastKnownFileType = sourcecode.c.h; path = ImageTransformer.h; sourceTree = "<group>"; };
		DBD25C781C154F2500CAE47F /* ImageTransformer.m */ = {isa = PBXFileReference; fileEncoding = 4; lastKnownFileType = sourcecode.c.objc; path = ImageTransformer.m; sourceTree = "<group>"; };
		DBDF0A411C16A0E300035097 /* Reminder.h */ = {isa = PBXFileReference; fileEncoding = 4; lastKnownFileType = sourcecode.c.h; path = Reminder.h; sourceTree = "<group>"; };
		DBDF0A421C16A0E300035097 /* Reminder.m */ = {isa = PBXFileReference; fileEncoding = 4; lastKnownFileType = sourcecode.c.objc; path = Reminder.m; sourceTree = "<group>"; };
		DBDF0A441C16A24A00035097 /* Calendar.h */ = {isa = PBXFileReference; fileEncoding = 4; lastKnownFileType = sourcecode.c.h; path = Calendar.h; sourceTree = "<group>"; };
		DBDF0A451C16A24A00035097 /* Calendar.m */ = {isa = PBXFileReference; fileEncoding = 4; lastKnownFileType = sourcecode.c.objc; path = Calendar.m; sourceTree = "<group>"; };
		DBDF0A471C16AD9300035097 /* RemindersViewController.h */ = {isa = PBXFileReference; fileEncoding = 4; lastKnownFileType = sourcecode.c.h; path = RemindersViewController.h; sourceTree = "<group>"; };
		DBDF0A481C16AD9300035097 /* RemindersViewController.m */ = {isa = PBXFileReference; fileEncoding = 4; lastKnownFileType = sourcecode.c.objc; path = RemindersViewController.m; sourceTree = "<group>"; };
		DBDF0A491C16AD9300035097 /* RemindersViewController.xib */ = {isa = PBXFileReference; fileEncoding = 4; lastKnownFileType = file.xib; path = RemindersViewController.xib; sourceTree = "<group>"; };
		DBDF0A511C17988900035097 /* DetailRemindersViewController.h */ = {isa = PBXFileReference; fileEncoding = 4; lastKnownFileType = sourcecode.c.h; path = DetailRemindersViewController.h; sourceTree = "<group>"; };
		DBDF0A521C17988900035097 /* DetailRemindersViewController.m */ = {isa = PBXFileReference; fileEncoding = 4; lastKnownFileType = sourcecode.c.objc; path = DetailRemindersViewController.m; sourceTree = "<group>"; };
		DBDF0A531C17988900035097 /* DetailRemindersViewController.xib */ = {isa = PBXFileReference; fileEncoding = 4; lastKnownFileType = file.xib; path = DetailRemindersViewController.xib; sourceTree = "<group>"; };
/* End PBXFileReference section */

/* Begin PBXFrameworksBuildPhase section */
		DB62D25D1C0EA48400C1A847 /* Frameworks */ = {
			isa = PBXFrameworksBuildPhase;
			buildActionMask = 2147483647;
			files = (
				0ED7A16E1C11F1EB0088E6E7 /* Social.framework in Frameworks */,
				0ED7A16C1C11F1DA0088E6E7 /* Accounts.framework in Frameworks */,
				0ED7A16A1C11F1AE0088E6E7 /* libz.dylib in Frameworks */,
				0ED7A1681C11F1960088E6E7 /* libsqlite3.dylib in Frameworks */,
				0ED7A1661C11F1630088E6E7 /* SystemConfiguration.framework in Frameworks */,
				0ED7A1641C11F1560088E6E7 /* SpriteKit.framework in Frameworks */,
				0ED7A1621C11EDA10088E6E7 /* Security.framework in Frameworks */,
				0ED7A1601C11ED920088E6E7 /* QuartzCore.framework in Frameworks */,
				0ED7A15E1C11ED780088E6E7 /* CoreLocation.framework in Frameworks */,
				0ED7A15C1C11ED6B0088E6E7 /* CoreGraphics.framework in Frameworks */,
				0ED7A15A1C11ED5D0088E6E7 /* CFNetwork.framework in Frameworks */,
				0ED7A1581C11ED430088E6E7 /* AudioToolbox.framework in Frameworks */,
				0ED7A1561C11ECD50088E6E7 /* Parse.framework in Frameworks */,
				0ED7A1551C11ECD50088E6E7 /* Bolts.framework in Frameworks */,
			);
			runOnlyForDeploymentPostprocessing = 0;
		};
		DB62D2791C0EA48400C1A847 /* Frameworks */ = {
			isa = PBXFrameworksBuildPhase;
			buildActionMask = 2147483647;
			files = (
			);
			runOnlyForDeploymentPostprocessing = 0;
		};
/* End PBXFrameworksBuildPhase section */

/* Begin PBXGroup section */
		0ED7A19A1C14A4730088E6E7 /* Food Tab */ = {
			isa = PBXGroup;
			children = (
				0ED7A16F1C11FC7C0088E6E7 /* FoodDataViewController.h */,
				0ED7A1701C11FC7C0088E6E7 /* FoodDataViewController.m */,
				0ED7A1711C11FC7C0088E6E7 /* FoodDataViewController.xib */,
				0ED7A1721C11FC7C0088E6E7 /* FoodList.h */,
				0ED7A1731C11FC7C0088E6E7 /* FoodList.m */,
				0ED7A1741C11FC7C0088E6E7 /* FoodType.h */,
				0ED7A1751C11FC7C0088E6E7 /* FoodType.m */,
				0ED7A17D1C1218900088E6E7 /* SearchFoodDatabaseViewController.h */,
				0ED7A17E1C1218900088E6E7 /* SearchFoodDatabaseViewController.m */,
				0ED7A17F1C1218900088E6E7 /* SearchFoodDatabaseViewController.xib */,
				0ED7A1821C1356DD0088E6E7 /* QueryResultsTableViewController.h */,
				0ED7A1831C1356DD0088E6E7 /* QueryResultsTableViewController.m */,
				0ED7A1841C1356DD0088E6E7 /* QueryResultsTableViewController.xib */,
				0ED7A1871C136D3C0088E6E7 /* TableViewCellStyleValue2.h */,
				0ED7A1881C136D3C0088E6E7 /* TableViewCellStyleValue2.m */,
				0ED7A18A1C13895C0088E6E7 /* FoodTabViewController.h */,
				0ED7A18B1C13895C0088E6E7 /* FoodTabViewController.m */,
				0ED7A18C1C13895C0088E6E7 /* FoodTabViewController.xib */,
				0ED7A1951C13ADA00088E6E7 /* EnterFoodGivenViewController.h */,
				0ED7A1961C13ADA00088E6E7 /* EnterFoodGivenViewController.m */,
				0ED7A1971C13ADA00088E6E7 /* EnterFoodGivenViewController.xib */,
				0EEC97ED1C15F4130000EB78 /* MyFoodsTableViewController.h */,
				0EEC97EE1C15F4130000EB78 /* MyFoodsTableViewController.m */,
				0EEC97EF1C15F4130000EB78 /* MyFoodsTableViewController.xib */,
			);
			name = "Food Tab";
			sourceTree = "<group>";
		};
		0ED7A19B1C14A4E30088E6E7 /* Health Tab */ = {
			isa = PBXGroup;
			children = (
				DBDF0A411C16A0E300035097 /* Reminder.h */,
				DBDF0A421C16A0E300035097 /* Reminder.m */,
				DBDF0A441C16A24A00035097 /* Calendar.h */,
				DBDF0A451C16A24A00035097 /* Calendar.m */,
				DBDF0A471C16AD9300035097 /* RemindersViewController.h */,
				DBDF0A481C16AD9300035097 /* RemindersViewController.m */,
				DBDF0A491C16AD9300035097 /* RemindersViewController.xib */,
				DBDF0A511C17988900035097 /* DetailRemindersViewController.h */,
				DBDF0A521C17988900035097 /* DetailRemindersViewController.m */,
				DBDF0A531C17988900035097 /* DetailRemindersViewController.xib */,
				0ED7A1901C13A9C30088E6E7 /* HealthTabViewController.h */,
				0ED7A1911C13A9C30088E6E7 /* HealthTabViewController.m */,
				0ED7A1921C13A9C30088E6E7 /* HealthTabViewController.xib */,
				0ED7A19F1C14A9810088E6E7 /* VaccinesViewController.h */,
				0ED7A1A01C14A9810088E6E7 /* VaccinesViewController.m */,
				0ED7A1A11C14A9810088E6E7 /* VaccinesViewController.xib */,
				0ED7A1A41C14B45A0088E6E7 /* HealthRecord.h */,
				0ED7A1A51C14B45A0088E6E7 /* HealthRecord.m */,
				0ED7A1A71C14B47D0088E6E7 /* HealthLog.h */,
				0ED7A1A81C14B47D0088E6E7 /* HealthLog.m */,
				0ED7A1AA1C14BCFA0088E6E7 /* VaccineTableViewController.h */,
				0ED7A1AB1C14BCFA0088E6E7 /* VaccineTableViewController.m */,
				0ED7A1AC1C14BCFA0088E6E7 /* VaccineTableViewController.xib */,
				0EEDF9EE1C1523C500942444 /* FleaTickLog.h */,
				0EEDF9EF1C1523C500942444 /* FleaTickLog.m */,
				0EEDF9F11C1525C900942444 /* FleaTickViewController.h */,
				0EEDF9F21C1525C900942444 /* FleaTickViewController.m */,
				0EEDF9F31C1525C900942444 /* FleaTickViewController.xib */,
				0EEDF9F61C1528F300942444 /* FleaTickTableViewController.h */,
				0EEDF9F71C1528F300942444 /* FleaTickTableViewController.m */,
				0EEDF9F81C1528F300942444 /* FleaTickTableViewController.xib */,
			);
			name = "Health Tab";
			sourceTree = "<group>";
		};
		0EEDF9ED1C14CC5300942444 /* Pet Tab */ = {
			isa = PBXGroup;
			children = (
				0EEDF9DF1C14CC4900942444 /* MyPet.h */,
				0EEDF9E01C14CC4900942444 /* MyPet.m */,
				0EEDF9E11C14CC4900942444 /* MyZoo.h */,
				0EEDF9E21C14CC4900942444 /* MyZoo.m */,
				0EEDF9E31C14CC4900942444 /* PetInfoViewController.h */,
				0EEDF9E41C14CC4900942444 /* PetInfoViewController.m */,
				0EEDF9E51C14CC4900942444 /* PetInfoViewController.xib */,
				0EEDF9E61C14CC4900942444 /* PetPal.xcdatamodeld */,
				0EEDF9DA1C14CB4300942444 /* DetailPetInfoViewController.h */,
				0EEDF9DB1C14CB4300942444 /* DetailPetInfoViewController.m */,
				0EEDF9DC1C14CB4300942444 /* DetailPetInfoViewController.xib */,
				DBD25C771C154F2500CAE47F /* ImageTransformer.h */,
				DBD25C781C154F2500CAE47F /* ImageTransformer.m */,
			);
			name = "Pet Tab";
			sourceTree = "<group>";
		};
		DB4701B41C195C9F002D044B /* Contact Tab */ = {
			isa = PBXGroup;
			children = (
				DB4701B81C195D22002D044B /* ContactsViewController.h */,
				DB4701B91C195D22002D044B /* ContactsViewController.m */,
				DB4701BA1C195D22002D044B /* ContactsViewController.xib */,
				DB4701C01C1961B1002D044B /* ContactBook.h */,
				DB4701C11C1961B1002D044B /* ContactBook.m */,
				DB4701C31C196ADB002D044B /* MyContact.h */,
				DB4701C41C196ADB002D044B /* MyContact.m */,
				DB4701C71C19C8AE002D044B /* ContactInfoViewController.h */,
				DB4701C81C19C8AE002D044B /* ContactInfoViewController.m */,
				DB4701C91C19C8AE002D044B /* ContactInfoViewController.xib */,
			);
			name = "Contact Tab";
			sourceTree = "<group>";
		};
		DB62D2571C0EA48300C1A847 = {
			isa = PBXGroup;
			children = (
				0ED7A16D1C11F1EB0088E6E7 /* Social.framework */,
				0ED7A16B1C11F1DA0088E6E7 /* Accounts.framework */,
				0ED7A1691C11F1AE0088E6E7 /* libz.dylib */,
				0ED7A1671C11F1960088E6E7 /* libsqlite3.dylib */,
				0ED7A1651C11F1630088E6E7 /* SystemConfiguration.framework */,
				0ED7A1631C11F1560088E6E7 /* SpriteKit.framework */,
				0ED7A1611C11EDA10088E6E7 /* Security.framework */,
				0ED7A15F1C11ED920088E6E7 /* QuartzCore.framework */,
				0ED7A15D1C11ED780088E6E7 /* CoreLocation.framework */,
				0ED7A15B1C11ED6B0088E6E7 /* CoreGraphics.framework */,
				0ED7A1591C11ED5D0088E6E7 /* CFNetwork.framework */,
				0ED7A1571C11ED430088E6E7 /* AudioToolbox.framework */,
				0ED7A1531C11ECD50088E6E7 /* Bolts.framework */,
				0ED7A1541C11ECD50088E6E7 /* Parse.framework */,
				DB62D2621C0EA48400C1A847 /* PetPal */,
				DB62D27F1C0EA48400C1A847 /* PetPalTests */,
				DB62D2611C0EA48400C1A847 /* Products */,
			);
			sourceTree = "<group>";
		};
		DB62D2611C0EA48400C1A847 /* Products */ = {
			isa = PBXGroup;
			children = (
				DB62D2601C0EA48400C1A847 /* PetPal.app */,
				DB62D27C1C0EA48400C1A847 /* PetPalTests.xctest */,
			);
			name = Products;
			sourceTree = "<group>";
		};
		DB62D2621C0EA48400C1A847 /* PetPal */ = {
			isa = PBXGroup;
			children = (
				DB62D2671C0EA48400C1A847 /* AppDelegate.h */,
				DB62D2681C0EA48400C1A847 /* AppDelegate.m */,
				DB4701B41C195C9F002D044B /* Contact Tab */,
				0EEDF9ED1C14CC5300942444 /* Pet Tab */,
				0ED7A19A1C14A4730088E6E7 /* Food Tab */,
				DB62D26D1C0EA48400C1A847 /* ViewController.h */,
				DB62D26E1C0EA48400C1A847 /* ViewController.m */,
				0ED7A19B1C14A4E30088E6E7 /* Health Tab */,
				DB62D2701C0EA48400C1A847 /* Main.storyboard */,
				DB62D2731C0EA48400C1A847 /* Images.xcassets */,
				DB62D2751C0EA48400C1A847 /* LaunchScreen.xib */,
				DB62D2631C0EA48400C1A847 /* Supporting Files */,
			);
			path = PetPal;
			sourceTree = "<group>";
		};
		DB62D2631C0EA48400C1A847 /* Supporting Files */ = {
			isa = PBXGroup;
			children = (
				DB62D2641C0EA48400C1A847 /* Info.plist */,
				DB62D2651C0EA48400C1A847 /* main.m */,
			);
			name = "Supporting Files";
			sourceTree = "<group>";
		};
		DB62D27F1C0EA48400C1A847 /* PetPalTests */ = {
			isa = PBXGroup;
			children = (
				DB62D2821C0EA48400C1A847 /* PetPalTests.m */,
				DB62D2801C0EA48400C1A847 /* Supporting Files */,
			);
			path = PetPalTests;
			sourceTree = "<group>";
		};
		DB62D2801C0EA48400C1A847 /* Supporting Files */ = {
			isa = PBXGroup;
			children = (
				DB62D2811C0EA48400C1A847 /* Info.plist */,
			);
			name = "Supporting Files";
			sourceTree = "<group>";
		};
/* End PBXGroup section */

/* Begin PBXNativeTarget section */
		DB62D25F1C0EA48400C1A847 /* PetPal */ = {
			isa = PBXNativeTarget;
			buildConfigurationList = DB62D2861C0EA48400C1A847 /* Build configuration list for PBXNativeTarget "PetPal" */;
			buildPhases = (
				DB62D25C1C0EA48400C1A847 /* Sources */,
				DB62D25D1C0EA48400C1A847 /* Frameworks */,
				DB62D25E1C0EA48400C1A847 /* Resources */,
			);
			buildRules = (
			);
			dependencies = (
			);
			name = PetPal;
			productName = PetPal;
			productReference = DB62D2601C0EA48400C1A847 /* PetPal.app */;
			productType = "com.apple.product-type.application";
		};
		DB62D27B1C0EA48400C1A847 /* PetPalTests */ = {
			isa = PBXNativeTarget;
			buildConfigurationList = DB62D2891C0EA48400C1A847 /* Build configuration list for PBXNativeTarget "PetPalTests" */;
			buildPhases = (
				DB62D2781C0EA48400C1A847 /* Sources */,
				DB62D2791C0EA48400C1A847 /* Frameworks */,
				DB62D27A1C0EA48400C1A847 /* Resources */,
			);
			buildRules = (
			);
			dependencies = (
				DB62D27E1C0EA48400C1A847 /* PBXTargetDependency */,
			);
			name = PetPalTests;
			productName = PetPalTests;
			productReference = DB62D27C1C0EA48400C1A847 /* PetPalTests.xctest */;
			productType = "com.apple.product-type.bundle.unit-test";
		};
/* End PBXNativeTarget section */

/* Begin PBXProject section */
		DB62D2581C0EA48300C1A847 /* Project object */ = {
			isa = PBXProject;
			attributes = {
				LastUpgradeCheck = 0630;
				ORGANIZATIONNAME = "Ekaterina Gumnova";
				TargetAttributes = {
					DB62D25F1C0EA48400C1A847 = {
						CreatedOnToolsVersion = 6.3.2;
						DevelopmentTeam = 7QZKGWVGQY;
					};
					DB62D27B1C0EA48400C1A847 = {
						CreatedOnToolsVersion = 6.3.2;
						TestTargetID = DB62D25F1C0EA48400C1A847;
					};
				};
			};
			buildConfigurationList = DB62D25B1C0EA48300C1A847 /* Build configuration list for PBXProject "PetPal" */;
			compatibilityVersion = "Xcode 3.2";
			developmentRegion = English;
			hasScannedForEncodings = 0;
			knownRegions = (
				en,
				Base,
			);
			mainGroup = DB62D2571C0EA48300C1A847;
			productRefGroup = DB62D2611C0EA48400C1A847 /* Products */;
			projectDirPath = "";
			projectRoot = "";
			targets = (
				DB62D25F1C0EA48400C1A847 /* PetPal */,
				DB62D27B1C0EA48400C1A847 /* PetPalTests */,
			);
		};
/* End PBXProject section */

/* Begin PBXResourcesBuildPhase section */
		DB62D25E1C0EA48400C1A847 /* Resources */ = {
			isa = PBXResourcesBuildPhase;
			buildActionMask = 2147483647;
			files = (
				0ED7A1941C13A9C30088E6E7 /* HealthTabViewController.xib in Resources */,
				0ED7A1811C1218900088E6E7 /* SearchFoodDatabaseViewController.xib in Resources */,
				0ED7A1771C11FC7C0088E6E7 /* FoodDataViewController.xib in Resources */,
				DB4701BC1C195D22002D044B /* ContactsViewController.xib in Resources */,
				0EEDF9FA1C1528F300942444 /* FleaTickTableViewController.xib in Resources */,
				0EEDF9F51C1525C900942444 /* FleaTickViewController.xib in Resources */,
				0ED7A18E1C13895C0088E6E7 /* FoodTabViewController.xib in Resources */,
				0EEDF9EB1C14CC4900942444 /* PetInfoViewController.xib in Resources */,
				0EEC97F11C15F4130000EB78 /* MyFoodsTableViewController.xib in Resources */,
				0ED7A1991C13ADA00088E6E7 /* EnterFoodGivenViewController.xib in Resources */,
				DBDF0A551C17988900035097 /* DetailRemindersViewController.xib in Resources */,
				DB62D2721C0EA48400C1A847 /* Main.storyboard in Resources */,
				DB62D2771C0EA48400C1A847 /* LaunchScreen.xib in Resources */,
				0EEDF9DE1C14CB4300942444 /* DetailPetInfoViewController.xib in Resources */,
				DBDF0A4B1C16AD9400035097 /* RemindersViewController.xib in Resources */,
				DB62D2741C0EA48400C1A847 /* Images.xcassets in Resources */,
				0ED7A1A31C14A9810088E6E7 /* VaccinesViewController.xib in Resources */,
				DB4701CB1C19C8AE002D044B /* ContactInfoViewController.xib in Resources */,
				0ED7A1861C1356DD0088E6E7 /* QueryResultsTableViewController.xib in Resources */,
				0ED7A1AE1C14BCFA0088E6E7 /* VaccineTableViewController.xib in Resources */,
			);
			runOnlyForDeploymentPostprocessing = 0;
		};
		DB62D27A1C0EA48400C1A847 /* Resources */ = {
			isa = PBXResourcesBuildPhase;
			buildActionMask = 2147483647;
			files = (
			);
			runOnlyForDeploymentPostprocessing = 0;
		};
/* End PBXResourcesBuildPhase section */

/* Begin PBXSourcesBuildPhase section */
		DB62D25C1C0EA48400C1A847 /* Sources */ = {
			isa = PBXSourcesBuildPhase;
			buildActionMask = 2147483647;
			files = (
				DB4701C51C196ADB002D044B /* MyContact.m in Sources */,
				0ED7A1A91C14B47D0088E6E7 /* HealthLog.m in Sources */,
				0ED7A1981C13ADA00088E6E7 /* EnterFoodGivenViewController.m in Sources */,
				0ED7A18D1C13895C0088E6E7 /* FoodTabViewController.m in Sources */,
				0ED7A1851C1356DD0088E6E7 /* QueryResultsTableViewController.m in Sources */,
				DBDF0A431C16A0E300035097 /* Reminder.m in Sources */,
				DBDF0A4A1C16AD9400035097 /* RemindersViewController.m in Sources */,
				DB4701C21C1961B1002D044B /* ContactBook.m in Sources */,
				0EEDF9DD1C14CB4300942444 /* DetailPetInfoViewController.m in Sources */,
				0ED7A1781C11FC7C0088E6E7 /* FoodList.m in Sources */,
				DBDF0A461C16A24A00035097 /* Calendar.m in Sources */,
				DB4701CA1C19C8AE002D044B /* ContactInfoViewController.m in Sources */,
				0ED7A1A61C14B45A0088E6E7 /* HealthRecord.m in Sources */,
				0EEDF9F01C1523C500942444 /* FleaTickLog.m in Sources */,
				DB62D2691C0EA48400C1A847 /* AppDelegate.m in Sources */,
				DBD25C791C154F2500CAE47F /* ImageTransformer.m in Sources */,
				0ED7A1801C1218900088E6E7 /* SearchFoodDatabaseViewController.m in Sources */,
				0EEDF9F91C1528F300942444 /* FleaTickTableViewController.m in Sources */,
				0EEDF9E81C14CC4900942444 /* MyPet.m in Sources */,
				0EEDF9EA1C14CC4900942444 /* PetInfoViewController.m in Sources */,
				0EEDF9E91C14CC4900942444 /* MyZoo.m in Sources */,
				DB4701BB1C195D22002D044B /* ContactsViewController.m in Sources */,
				0ED7A1891C136D3C0088E6E7 /* TableViewCellStyleValue2.m in Sources */,
				0ED7A1AD1C14BCFA0088E6E7 /* VaccineTableViewController.m in Sources */,
				0ED7A1761C11FC7C0088E6E7 /* FoodDataViewController.m in Sources */,
				0ED7A1791C11FC7C0088E6E7 /* FoodType.m in Sources */,
				0EEC97F01C15F4130000EB78 /* MyFoodsTableViewController.m in Sources */,
				0EEDF9F41C1525C900942444 /* FleaTickViewController.m in Sources */,
				0EEDF9EC1C14CC4900942444 /* PetPal.xcdatamodeld in Sources */,
				DBDF0A541C17988900035097 /* DetailRemindersViewController.m in Sources */,
				DB62D26F1C0EA48400C1A847 /* ViewController.m in Sources */,
				0ED7A1931C13A9C30088E6E7 /* HealthTabViewController.m in Sources */,
				0ED7A1A21C14A9810088E6E7 /* VaccinesViewController.m in Sources */,
				DB62D2661C0EA48400C1A847 /* main.m in Sources */,
			);
			runOnlyForDeploymentPostprocessing = 0;
		};
		DB62D2781C0EA48400C1A847 /* Sources */ = {
			isa = PBXSourcesBuildPhase;
			buildActionMask = 2147483647;
			files = (
				DB62D2831C0EA48400C1A847 /* PetPalTests.m in Sources */,
			);
			runOnlyForDeploymentPostprocessing = 0;
		};
/* End PBXSourcesBuildPhase section */

/* Begin PBXTargetDependency section */
		DB62D27E1C0EA48400C1A847 /* PBXTargetDependency */ = {
			isa = PBXTargetDependency;
			target = DB62D25F1C0EA48400C1A847 /* PetPal */;
			targetProxy = DB62D27D1C0EA48400C1A847 /* PBXContainerItemProxy */;
		};
/* End PBXTargetDependency section */

/* Begin PBXVariantGroup section */
		DB62D2701C0EA48400C1A847 /* Main.storyboard */ = {
			isa = PBXVariantGroup;
			children = (
				DB62D2711C0EA48400C1A847 /* Base */,
			);
			name = Main.storyboard;
			sourceTree = "<group>";
		};
		DB62D2751C0EA48400C1A847 /* LaunchScreen.xib */ = {
			isa = PBXVariantGroup;
			children = (
				DB62D2761C0EA48400C1A847 /* Base */,
			);
			name = LaunchScreen.xib;
			sourceTree = "<group>";
		};
/* End PBXVariantGroup section */

/* Begin XCBuildConfiguration section */
		DB62D2841C0EA48400C1A847 /* Debug */ = {
			isa = XCBuildConfiguration;
			buildSettings = {
				ALWAYS_SEARCH_USER_PATHS = NO;
				CLANG_CXX_LANGUAGE_STANDARD = "gnu++0x";
				CLANG_CXX_LIBRARY = "libc++";
				CLANG_ENABLE_MODULES = YES;
				CLANG_ENABLE_OBJC_ARC = YES;
				CLANG_WARN_BOOL_CONVERSION = YES;
				CLANG_WARN_CONSTANT_CONVERSION = YES;
				CLANG_WARN_DIRECT_OBJC_ISA_USAGE = YES_ERROR;
				CLANG_WARN_EMPTY_BODY = YES;
				CLANG_WARN_ENUM_CONVERSION = YES;
				CLANG_WARN_INT_CONVERSION = YES;
				CLANG_WARN_OBJC_ROOT_CLASS = YES_ERROR;
				CLANG_WARN_UNREACHABLE_CODE = YES;
				CLANG_WARN__DUPLICATE_METHOD_MATCH = YES;
				"CODE_SIGN_IDENTITY[sdk=iphoneos*]" = "iPhone Developer";
				COPY_PHASE_STRIP = NO;
				DEBUG_INFORMATION_FORMAT = "dwarf-with-dsym";
				ENABLE_STRICT_OBJC_MSGSEND = YES;
				GCC_C_LANGUAGE_STANDARD = gnu99;
				GCC_DYNAMIC_NO_PIC = NO;
				GCC_NO_COMMON_BLOCKS = YES;
				GCC_OPTIMIZATION_LEVEL = 0;
				GCC_PREPROCESSOR_DEFINITIONS = (
					"DEBUG=1",
					"$(inherited)",
				);
				GCC_SYMBOLS_PRIVATE_EXTERN = NO;
				GCC_WARN_64_TO_32_BIT_CONVERSION = YES;
				GCC_WARN_ABOUT_RETURN_TYPE = YES_ERROR;
				GCC_WARN_UNDECLARED_SELECTOR = YES;
				GCC_WARN_UNINITIALIZED_AUTOS = YES_AGGRESSIVE;
				GCC_WARN_UNUSED_FUNCTION = YES;
				GCC_WARN_UNUSED_VARIABLE = YES;
				IPHONEOS_DEPLOYMENT_TARGET = 8.3;
				MTL_ENABLE_DEBUG_INFO = YES;
				ONLY_ACTIVE_ARCH = YES;
				SDKROOT = iphoneos;
			};
			name = Debug;
		};
		DB62D2851C0EA48400C1A847 /* Release */ = {
			isa = XCBuildConfiguration;
			buildSettings = {
				ALWAYS_SEARCH_USER_PATHS = NO;
				CLANG_CXX_LANGUAGE_STANDARD = "gnu++0x";
				CLANG_CXX_LIBRARY = "libc++";
				CLANG_ENABLE_MODULES = YES;
				CLANG_ENABLE_OBJC_ARC = YES;
				CLANG_WARN_BOOL_CONVERSION = YES;
				CLANG_WARN_CONSTANT_CONVERSION = YES;
				CLANG_WARN_DIRECT_OBJC_ISA_USAGE = YES_ERROR;
				CLANG_WARN_EMPTY_BODY = YES;
				CLANG_WARN_ENUM_CONVERSION = YES;
				CLANG_WARN_INT_CONVERSION = YES;
				CLANG_WARN_OBJC_ROOT_CLASS = YES_ERROR;
				CLANG_WARN_UNREACHABLE_CODE = YES;
				CLANG_WARN__DUPLICATE_METHOD_MATCH = YES;
				"CODE_SIGN_IDENTITY[sdk=iphoneos*]" = "iPhone Developer";
				COPY_PHASE_STRIP = NO;
				DEBUG_INFORMATION_FORMAT = "dwarf-with-dsym";
				ENABLE_NS_ASSERTIONS = NO;
				ENABLE_STRICT_OBJC_MSGSEND = YES;
				GCC_C_LANGUAGE_STANDARD = gnu99;
				GCC_NO_COMMON_BLOCKS = YES;
				GCC_WARN_64_TO_32_BIT_CONVERSION = YES;
				GCC_WARN_ABOUT_RETURN_TYPE = YES_ERROR;
				GCC_WARN_UNDECLARED_SELECTOR = YES;
				GCC_WARN_UNINITIALIZED_AUTOS = YES_AGGRESSIVE;
				GCC_WARN_UNUSED_FUNCTION = YES;
				GCC_WARN_UNUSED_VARIABLE = YES;
				IPHONEOS_DEPLOYMENT_TARGET = 8.3;
				MTL_ENABLE_DEBUG_INFO = NO;
				SDKROOT = iphoneos;
				VALIDATE_PRODUCT = YES;
			};
			name = Release;
		};
		DB62D2871C0EA48400C1A847 /* Debug */ = {
			isa = XCBuildConfiguration;
			buildSettings = {
				ASSETCATALOG_COMPILER_APPICON_NAME = AppIcon;
				CODE_SIGN_IDENTITY = "iPhone Developer";
				"CODE_SIGN_IDENTITY[sdk=iphoneos*]" = "iPhone Developer";
				FRAMEWORK_SEARCH_PATHS = (
					"$(inherited)",
					"$(PROJECT_DIR)",
				);
				INFOPLIST_FILE = PetPal/Info.plist;
				LD_RUNPATH_SEARCH_PATHS = "$(inherited) @executable_path/Frameworks";
				PRODUCT_NAME = "$(TARGET_NAME)";
				PROVISIONING_PROFILE = "";
				TARGETED_DEVICE_FAMILY = 2;
			};
			name = Debug;
		};
		DB62D2881C0EA48400C1A847 /* Release */ = {
			isa = XCBuildConfiguration;
			buildSettings = {
				ASSETCATALOG_COMPILER_APPICON_NAME = AppIcon;
				CODE_SIGN_IDENTITY = "iPhone Developer";
				"CODE_SIGN_IDENTITY[sdk=iphoneos*]" = "iPhone Developer";
				FRAMEWORK_SEARCH_PATHS = (
					"$(inherited)",
					"$(PROJECT_DIR)",
				);
				INFOPLIST_FILE = PetPal/Info.plist;
				LD_RUNPATH_SEARCH_PATHS = "$(inherited) @executable_path/Frameworks";
				PRODUCT_NAME = "$(TARGET_NAME)";
				PROVISIONING_PROFILE = "";
				TARGETED_DEVICE_FAMILY = 2;
			};
			name = Release;
		};
		DB62D28A1C0EA48400C1A847 /* Debug */ = {
			isa = XCBuildConfiguration;
			buildSettings = {
				BUNDLE_LOADER = "$(TEST_HOST)";
				FRAMEWORK_SEARCH_PATHS = (
					"$(SDKROOT)/Developer/Library/Frameworks",
					"$(inherited)",
				);
				GCC_PREPROCESSOR_DEFINITIONS = (
					"DEBUG=1",
					"$(inherited)",
				);
				INFOPLIST_FILE = PetPalTests/Info.plist;
				LD_RUNPATH_SEARCH_PATHS = "$(inherited) @executable_path/Frameworks @loader_path/Frameworks";
				PRODUCT_NAME = "$(TARGET_NAME)";
				TEST_HOST = "$(BUILT_PRODUCTS_DIR)/PetPal.app/PetPal";
			};
			name = Debug;
		};
		DB62D28B1C0EA48400C1A847 /* Release */ = {
			isa = XCBuildConfiguration;
			buildSettings = {
				BUNDLE_LOADER = "$(TEST_HOST)";
				FRAMEWORK_SEARCH_PATHS = (
					"$(SDKROOT)/Developer/Library/Frameworks",
					"$(inherited)",
				);
				INFOPLIST_FILE = PetPalTests/Info.plist;
				LD_RUNPATH_SEARCH_PATHS = "$(inherited) @executable_path/Frameworks @loader_path/Frameworks";
				PRODUCT_NAME = "$(TARGET_NAME)";
				TEST_HOST = "$(BUILT_PRODUCTS_DIR)/PetPal.app/PetPal";
			};
			name = Release;
		};
/* End XCBuildConfiguration section */

/* Begin XCConfigurationList section */
		DB62D25B1C0EA48300C1A847 /* Build configuration list for PBXProject "PetPal" */ = {
			isa = XCConfigurationList;
			buildConfigurations = (
				DB62D2841C0EA48400C1A847 /* Debug */,
				DB62D2851C0EA48400C1A847 /* Release */,
			);
			defaultConfigurationIsVisible = 0;
			defaultConfigurationName = Release;
		};
		DB62D2861C0EA48400C1A847 /* Build configuration list for PBXNativeTarget "PetPal" */ = {
			isa = XCConfigurationList;
			buildConfigurations = (
				DB62D2871C0EA48400C1A847 /* Debug */,
				DB62D2881C0EA48400C1A847 /* Release */,
			);
			defaultConfigurationIsVisible = 0;
			defaultConfigurationName = Release;
		};
		DB62D2891C0EA48400C1A847 /* Build configuration list for PBXNativeTarget "PetPalTests" */ = {
			isa = XCConfigurationList;
			buildConfigurations = (
				DB62D28A1C0EA48400C1A847 /* Debug */,
				DB62D28B1C0EA48400C1A847 /* Release */,
			);
			defaultConfigurationIsVisible = 0;
			defaultConfigurationName = Release;
		};
/* End XCConfigurationList section */

/* Begin XCVersionGroup section */
		0EEDF9E61C14CC4900942444 /* PetPal.xcdatamodeld */ = {
			isa = XCVersionGroup;
			children = (
				DB4701C61C1978E1002D044B /* PetPal 3.xcdatamodel */,
				0EEDF9E71C14CC4900942444 /* PetPal.xcdatamodel */,
			);
			currentVersion = 0EEDF9E71C14CC4900942444 /* PetPal.xcdatamodel */;
			path = PetPal.xcdatamodeld;
			sourceTree = "<group>";
			versionGroupType = wrapper.xcdatamodel;
		};
/* End XCVersionGroup section */
	};
	rootObject = DB62D2581C0EA48300C1A847 /* Project object */;
}
